
Microsoft Visual Studio Solution File, Format Version 12.00
# Visual Studio Version 17
VisualStudioVersion = 17.0.31903.59
MinimumVisualStudioVersion = 10.0.40219.1
Project("{FAE04EC0-301F-11D3-BF4B-00C04F79EFBC}") = "SalongBooking.API", "SalongBooking.API\SalongBooking.API.csproj", "{C7D1FBD5-68BF-47AE-8BEA-26CBB3DF9A47}"
EndProject
Project("{FAE04EC0-301F-11D3-BF4B-00C04F79EFBC}") = "SalongBooking.Domain", "SalongBooking.Domain\SalongBooking.Domain.csproj", "{994A36B3-3811-447C-A22E-45C6E43F55C6}"
EndProject
Project("{FAE04EC0-301F-11D3-BF4B-00C04F79EFBC}") = "SalongBooking.Data", "SalongBooking.Data\SalongBooking.Data.csproj", "{4AEE0AB1-F951-4996-8DB6-299B42533140}"
EndProject
Project("{FAE04EC0-301F-11D3-BF4B-00C04F79EFBC}") = "SalongBooking.Services", "SalongBooking.Services\SalongBooking.Services.csproj", "{A215B813-E6FB-4954-BBB4-1F0C0CED3504}"
EndProject
Project("{FAE04EC0-301F-11D3-BF4B-00C04F79EFBC}") = "SalongBooking.DTOs", "SalongBooking.DTOs\SalongBooking.DTOs.csproj", "{224D722D-3D3E-412F-919F-5FB682E2A2F2}"
EndProject
Global
	GlobalSection(SolutionConfigurationPlatforms) = preSolution
		Debug|Any CPU = Debug|Any CPU
		Debug|x64 = Debug|x64
		Debug|x86 = Debug|x86
		Release|Any CPU = Release|Any CPU
		Release|x64 = Release|x64
		Release|x86 = Release|x86
	EndGlobalSection
	GlobalSection(ProjectConfigurationPlatforms) = postSolution
		{C7D1FBD5-68BF-47AE-8BEA-26CBB3DF9A47}.Debug|Any CPU.ActiveCfg = Debug|Any CPU
		{C7D1FBD5-68BF-47AE-8BEA-26CBB3DF9A47}.Debug|Any CPU.Build.0 = Debug|Any CPU
		{C7D1FBD5-68BF-47AE-8BEA-26CBB3DF9A47}.Debug|x64.ActiveCfg = Debug|Any CPU
		{C7D1FBD5-68BF-47AE-8BEA-26CBB3DF9A47}.Debug|x64.Build.0 = Debug|Any CPU
		{C7D1FBD5-68BF-47AE-8BEA-26CBB3DF9A47}.Debug|x86.ActiveCfg = Debug|Any CPU
		{C7D1FBD5-68BF-47AE-8BEA-26CBB3DF9A47}.Debug|x86.Build.0 = Debug|Any CPU
		{C7D1FBD5-68BF-47AE-8BEA-26CBB3DF9A47}.Release|Any CPU.ActiveCfg = Release|Any CPU
		{C7D1FBD5-68BF-47AE-8BEA-26CBB3DF9A47}.Release|Any CPU.Build.0 = Release|Any CPU
		{C7D1FBD5-68BF-47AE-8BEA-26CBB3DF9A47}.Release|x64.ActiveCfg = Release|Any CPU
		{C7D1FBD5-68BF-47AE-8BEA-26CBB3DF9A47}.Release|x64.Build.0 = Release|Any CPU
		{C7D1FBD5-68BF-47AE-8BEA-26CBB3DF9A47}.Release|x86.ActiveCfg = Release|Any CPU
		{C7D1FBD5-68BF-47AE-8BEA-26CBB3DF9A47}.Release|x86.Build.0 = Release|Any CPU
		{994A36B3-3811-447C-A22E-45C6E43F55C6}.Debug|Any CPU.ActiveCfg = Debug|Any CPU
		{994A36B3-3811-447C-A22E-45C6E43F55C6}.Debug|Any CPU.Build.0 = Debug|Any CPU
		{994A36B3-3811-447C-A22E-45C6E43F55C6}.Debug|x64.ActiveCfg = Debug|Any CPU
		{994A36B3-3811-447C-A22E-45C6E43F55C6}.Debug|x64.Build.0 = Debug|Any CPU
		{994A36B3-3811-447C-A22E-45C6E43F55C6}.Debug|x86.ActiveCfg = Debug|Any CPU
		{994A36B3-3811-447C-A22E-45C6E43F55C6}.Debug|x86.Build.0 = Debug|Any CPU
		{994A36B3-3811-447C-A22E-45C6E43F55C6}.Release|Any CPU.ActiveCfg = Release|Any CPU
		{994A36B3-3811-447C-A22E-45C6E43F55C6}.Release|Any CPU.Build.0 = Release|Any CPU
		{994A36B3-3811-447C-A22E-45C6E43F55C6}.Release|x64.ActiveCfg = Release|Any CPU
		{994A36B3-3811-447C-A22E-45C6E43F55C6}.Release|x64.Build.0 = Release|Any CPU
		{994A36B3-3811-447C-A22E-45C6E43F55C6}.Release|x86.ActiveCfg = Release|Any CPU
		{994A36B3-3811-447C-A22E-45C6E43F55C6}.Release|x86.Build.0 = Release|Any CPU
		{4AEE0AB1-F951-4996-8DB6-299B42533140}.Debug|Any CPU.ActiveCfg = Debug|Any CPU
		{4AEE0AB1-F951-4996-8DB6-299B42533140}.Debug|Any CPU.Build.0 = Debug|Any CPU
		{4AEE0AB1-F951-4996-8DB6-299B42533140}.Debug|x64.ActiveCfg = Debug|Any CPU
		{4AEE0AB1-F951-4996-8DB6-299B42533140}.Debug|x64.Build.0 = Debug|Any CPU
		{4AEE0AB1-F951-4996-8DB6-299B42533140}.Debug|x86.ActiveCfg = Debug|Any CPU
		{4AEE0AB1-F951-4996-8DB6-299B42533140}.Debug|x86.Build.0 = Debug|Any CPU
		{4AEE0AB1-F951-4996-8DB6-299B42533140}.Release|Any CPU.ActiveCfg = Release|Any CPU
		{4AEE0AB1-F951-4996-8DB6-299B42533140}.Release|Any CPU.Build.0 = Release|Any CPU
		{4AEE0AB1-F951-4996-8DB6-299B42533140}.Release|x64.ActiveCfg = Release|Any CPU
		{4AEE0AB1-F951-4996-8DB6-299B42533140}.Release|x64.Build.0 = Release|Any CPU
		{4AEE0AB1-F951-4996-8DB6-299B42533140}.Release|x86.ActiveCfg = Release|Any CPU
		{4AEE0AB1-F951-4996-8DB6-299B42533140}.Release|x86.Build.0 = Release|Any CPU
		{A215B813-E6FB-4954-BBB4-1F0C0CED3504}.Debug|Any CPU.ActiveCfg = Debug|Any CPU
		{A215B813-E6FB-4954-BBB4-1F0C0CED3504}.Debug|Any CPU.Build.0 = Debug|Any CPU
		{A215B813-E6FB-4954-BBB4-1F0C0CED3504}.Debug|x64.ActiveCfg = Debug|Any CPU
		{A215B813-E6FB-4954-BBB4-1F0C0CED3504}.Debug|x64.Build.0 = Debug|Any CPU
		{A215B813-E6FB-4954-BBB4-1F0C0CED3504}.Debug|x86.ActiveCfg = Debug|Any CPU
		{A215B813-E6FB-4954-BBB4-1F0C0CED3504}.Debug|x86.Build.0 = Debug|Any CPU
		{A215B813-E6FB-4954-BBB4-1F0C0CED3504}.Release|Any CPU.ActiveCfg = Release|Any CPU
		{A215B813-E6FB-4954-BBB4-1F0C0CED3504}.Release|Any CPU.Build.0 = Release|Any CPU
		{A215B813-E6FB-4954-BBB4-1F0C0CED3504}.Release|x64.ActiveCfg = Release|Any CPU
		{A215B813-E6FB-4954-BBB4-1F0C0CED3504}.Release|x64.Build.0 = Release|Any CPU
		{A215B813-E6FB-4954-BBB4-1F0C0CED3504}.Release|x86.ActiveCfg = Release|Any CPU
		{A215B813-E6FB-4954-BBB4-1F0C0CED3504}.Release|x86.Build.0 = Release|Any CPU
		{224D722D-3D3E-412F-919F-5FB682E2A2F2}.Debug|Any CPU.ActiveCfg = Debug|Any CPU
		{224D722D-3D3E-412F-919F-5FB682E2A2F2}.Debug|Any CPU.Build.0 = Debug|Any CPU
		{224D722D-3D3E-412F-919F-5FB682E2A2F2}.Debug|x64.ActiveCfg = Debug|Any CPU
		{224D722D-3D3E-412F-919F-5FB682E2A2F2}.Debug|x64.Build.0 = Debug|Any CPU
		{224D722D-3D3E-412F-919F-5FB682E2A2F2}.Debug|x86.ActiveCfg = Debug|Any CPU
		{224D722D-3D3E-412F-919F-5FB682E2A2F2}.Debug|x86.Build.0 = Debug|Any CPU
		{224D722D-3D3E-412F-919F-5FB682E2A2F2}.Release|Any CPU.ActiveCfg = Release|Any CPU
		{224D722D-3D3E-412F-919F-5FB682E2A2F2}.Release|Any CPU.Build.0 = Release|Any CPU
		{224D722D-3D3E-412F-919F-5FB682E2A2F2}.Release|x64.ActiveCfg = Release|Any CPU
		{224D722D-3D3E-412F-919F-5FB682E2A2F2}.Release|x64.Build.0 = Release|Any CPU
		{224D722D-3D3E-412F-919F-5FB682E2A2F2}.Release|x86.ActiveCfg = Release|Any CPU
		{224D722D-3D3E-412F-919F-5FB682E2A2F2}.Release|x86.Build.0 = Release|Any CPU
	EndGlobalSection
	GlobalSection(SolutionProperties) = preSolution
		HideSolutionNode = FALSE
	EndGlobalSection
EndGlobal
